
Microsoft Visual Studio Solution File, Format Version 11.00
# Visual Studio 2010
Project("{FAE04EC0-301F-11D3-BF4B-00C04F79EFBC}") = "Poncho", "Poncho\Poncho.csproj", "{45388A88-56DA-438D-B19C-98407532D8D6}"
EndProject
Project("{2150E333-8FDC-42A3-9474-1A3956D46DE8}") = "Solution Items", "Solution Items", "{D79BD20A-E3DC-4B20-B00A-ABE6CEB13D04}"
	ProjectSection(SolutionItems) = preProject
		Local.testsettings = Local.testsettings
		Poncho.vsmdi = Poncho.vsmdi
		TraceAndTestImpact.testsettings = TraceAndTestImpact.testsettings
	EndProjectSection
EndProject
Project("{FAE04EC0-301F-11D3-BF4B-00C04F79EFBC}") = "PonchoTests", "PonchoTests\PonchoTests.csproj", "{AF5F2770-6BBC-4573-B9A1-8080EBC18205}"
EndProject
Global
	GlobalSection(TestCaseManagementSettings) = postSolution
		CategoryFile = Poncho.vsmdi
	EndGlobalSection
	GlobalSection(SolutionConfigurationPlatforms) = preSolution
		Debug|Any CPU = Debug|Any CPU
		Debug|Mixed Platforms = Debug|Mixed Platforms
		Debug|x86 = Debug|x86
		Release|Any CPU = Release|Any CPU
		Release|Mixed Platforms = Release|Mixed Platforms
		Release|x86 = Release|x86
	EndGlobalSection
	GlobalSection(ProjectConfigurationPlatforms) = postSolution
		{45388A88-56DA-438D-B19C-98407532D8D6}.Debug|Any CPU.ActiveCfg = Debug|x86
		{45388A88-56DA-438D-B19C-98407532D8D6}.Debug|Mixed Platforms.ActiveCfg = Debug|x86
		{45388A88-56DA-438D-B19C-98407532D8D6}.Debug|Mixed Platforms.Build.0 = Debug|x86
		{45388A88-56DA-438D-B19C-98407532D8D6}.Debug|x86.ActiveCfg = Debug|x86
		{45388A88-56DA-438D-B19C-98407532D8D6}.Debug|x86.Build.0 = Debug|x86
		{45388A88-56DA-438D-B19C-98407532D8D6}.Release|Any CPU.ActiveCfg = Release|x86
		{45388A88-56DA-438D-B19C-98407532D8D6}.Release|Mixed Platforms.ActiveCfg = Release|x86
		{45388A88-56DA-438D-B19C-98407532D8D6}.Release|Mixed Platforms.Build.0 = Release|x86
		{45388A88-56DA-438D-B19C-98407532D8D6}.Release|x86.ActiveCfg = Release|x86
		{45388A88-56DA-438D-B19C-98407532D8D6}.Release|x86.Build.0 = Release|x86
		{AF5F2770-6BBC-4573-B9A1-8080EBC18205}.Debug|Any CPU.ActiveCfg = Debug|Any CPU
		{AF5F2770-6BBC-4573-B9A1-8080EBC18205}.Debug|Any CPU.Build.0 = Debug|Any CPU
		{AF5F2770-6BBC-4573-B9A1-8080EBC18205}.Debug|Mixed Platforms.ActiveCfg = Debug|Any CPU
		{AF5F2770-6BBC-4573-B9A1-8080EBC18205}.Debug|Mixed Platforms.Build.0 = Debug|Any CPU
		{AF5F2770-6BBC-4573-B9A1-8080EBC18205}.Debug|x86.ActiveCfg = Debug|Any CPU
		{AF5F2770-6BBC-4573-B9A1-8080EBC18205}.Release|Any CPU.ActiveCfg = Release|Any CPU
		{AF5F2770-6BBC-4573-B9A1-8080EBC18205}.Release|Any CPU.Build.0 = Release|Any CPU
		{AF5F2770-6BBC-4573-B9A1-8080EBC18205}.Release|Mixed Platforms.ActiveCfg = Release|Any CPU
		{AF5F2770-6BBC-4573-B9A1-8080EBC18205}.Release|Mixed Platforms.Build.0 = Release|Any CPU
		{AF5F2770-6BBC-4573-B9A1-8080EBC18205}.Release|x86.ActiveCfg = Release|Any CPU
	EndGlobalSection
	GlobalSection(SolutionProperties) = preSolution
		HideSolutionNode = FALSE
	EndGlobalSection
EndGlobal
