
Microsoft Visual Studio Solution File, Format Version 11.00
# Visual Studio 2010
Project("{FAE04EC0-301F-11D3-BF4B-00C04F79EFBC}") = "Poncho", "Poncho\Poncho.csproj", "{45388A88-56DA-438D-B19C-98407532D8D6}"
EndProject
Project("{2150E333-8FDC-42A3-9474-1A3956D46DE8}") = "Solution Items", "Solution Items", "{D79BD20A-E3DC-4B20-B00A-ABE6CEB13D04}"
	ProjectSection(SolutionItems) = preProject
		Local.testsettings = Local.testsettings
		Poncho.vsmdi = Poncho.vsmdi
		TraceAndTestImpact.testsettings = TraceAndTestImpact.testsettings
	EndProjectSection
EndProject
Project("{FAE04EC0-301F-11D3-BF4B-00C04F79EFBC}") = "PonchoTests", "PonchoTests\PonchoTests.csproj", "{AF5F2770-6BBC-4573-B9A1-8080EBC18205}"
EndProject
Project("{FAE04EC0-301F-11D3-BF4B-00C04F79EFBC}") = "SpotifyService", "SpotifyService\SpotifyService.csproj", "{AE9AA137-7F3A-45A1-85CA-A8131810C974}"
EndProject
Project("{FAE04EC0-301F-11D3-BF4B-00C04F79EFBC}") = "SpotifyServiceTests", "SpotifyServiceTests\SpotifyServiceTests.csproj", "{F5A1F80F-47FB-46C0-A84B-88A288D89E48}"
EndProject
Project("{2150E333-8FDC-42A3-9474-1A3956D46DE8}") = "SpotifyLibrary", "SpotifyLibrary", "{DE45607C-CE13-4E11-AD89-D533524A86C9}"
EndProject
Project("{2150E333-8FDC-42A3-9474-1A3956D46DE8}") = "Presentation", "Presentation", "{58A72D77-BCA0-4F8B-BA85-DAEFB66A04AA}"
EndProject
Project("{FAE04EC0-301F-11D3-BF4B-00C04F79EFBC}") = "IntegrationTests", "IntegrationTests\IntegrationTests.csproj", "{86B52A19-AAFF-489C-9CF6-125C7AC4B4B6}"
EndProject
Global
	GlobalSection(TestCaseManagementSettings) = postSolution
		CategoryFile = Poncho.vsmdi
	EndGlobalSection
	GlobalSection(SolutionConfigurationPlatforms) = preSolution
		Debug|Any CPU = Debug|Any CPU
		Debug|Mixed Platforms = Debug|Mixed Platforms
		Debug|x86 = Debug|x86
		Release|Any CPU = Release|Any CPU
		Release|Mixed Platforms = Release|Mixed Platforms
		Release|x86 = Release|x86
	EndGlobalSection
	GlobalSection(ProjectConfigurationPlatforms) = postSolution
		{45388A88-56DA-438D-B19C-98407532D8D6}.Debug|Any CPU.ActiveCfg = Debug|x86
		{45388A88-56DA-438D-B19C-98407532D8D6}.Debug|Mixed Platforms.ActiveCfg = Debug|x86
		{45388A88-56DA-438D-B19C-98407532D8D6}.Debug|Mixed Platforms.Build.0 = Debug|x86
		{45388A88-56DA-438D-B19C-98407532D8D6}.Debug|x86.ActiveCfg = Debug|x86
		{45388A88-56DA-438D-B19C-98407532D8D6}.Debug|x86.Build.0 = Debug|x86
		{45388A88-56DA-438D-B19C-98407532D8D6}.Release|Any CPU.ActiveCfg = Release|x86
		{45388A88-56DA-438D-B19C-98407532D8D6}.Release|Mixed Platforms.ActiveCfg = Release|x86
		{45388A88-56DA-438D-B19C-98407532D8D6}.Release|Mixed Platforms.Build.0 = Release|x86
		{45388A88-56DA-438D-B19C-98407532D8D6}.Release|x86.ActiveCfg = Release|x86
		{45388A88-56DA-438D-B19C-98407532D8D6}.Release|x86.Build.0 = Release|x86
		{AF5F2770-6BBC-4573-B9A1-8080EBC18205}.Debug|Any CPU.ActiveCfg = Debug|Any CPU
		{AF5F2770-6BBC-4573-B9A1-8080EBC18205}.Debug|Any CPU.Build.0 = Debug|Any CPU
		{AF5F2770-6BBC-4573-B9A1-8080EBC18205}.Debug|Mixed Platforms.ActiveCfg = Debug|Any CPU
		{AF5F2770-6BBC-4573-B9A1-8080EBC18205}.Debug|Mixed Platforms.Build.0 = Debug|Any CPU
		{AF5F2770-6BBC-4573-B9A1-8080EBC18205}.Debug|x86.ActiveCfg = Debug|x86
		{AF5F2770-6BBC-4573-B9A1-8080EBC18205}.Debug|x86.Build.0 = Debug|x86
		{AF5F2770-6BBC-4573-B9A1-8080EBC18205}.Release|Any CPU.ActiveCfg = Release|Any CPU
		{AF5F2770-6BBC-4573-B9A1-8080EBC18205}.Release|Any CPU.Build.0 = Release|Any CPU
		{AF5F2770-6BBC-4573-B9A1-8080EBC18205}.Release|Mixed Platforms.ActiveCfg = Release|Any CPU
		{AF5F2770-6BBC-4573-B9A1-8080EBC18205}.Release|Mixed Platforms.Build.0 = Release|Any CPU
		{AF5F2770-6BBC-4573-B9A1-8080EBC18205}.Release|x86.ActiveCfg = Release|Any CPU
		{AE9AA137-7F3A-45A1-85CA-A8131810C974}.Debug|Any CPU.ActiveCfg = Debug|Any CPU
		{AE9AA137-7F3A-45A1-85CA-A8131810C974}.Debug|Any CPU.Build.0 = Debug|Any CPU
		{AE9AA137-7F3A-45A1-85CA-A8131810C974}.Debug|Mixed Platforms.ActiveCfg = Debug|Any CPU
		{AE9AA137-7F3A-45A1-85CA-A8131810C974}.Debug|Mixed Platforms.Build.0 = Debug|Any CPU
		{AE9AA137-7F3A-45A1-85CA-A8131810C974}.Debug|x86.ActiveCfg = Debug|x86
		{AE9AA137-7F3A-45A1-85CA-A8131810C974}.Debug|x86.Build.0 = Debug|x86
		{AE9AA137-7F3A-45A1-85CA-A8131810C974}.Release|Any CPU.ActiveCfg = Release|Any CPU
		{AE9AA137-7F3A-45A1-85CA-A8131810C974}.Release|Any CPU.Build.0 = Release|Any CPU
		{AE9AA137-7F3A-45A1-85CA-A8131810C974}.Release|Mixed Platforms.ActiveCfg = Release|Any CPU
		{AE9AA137-7F3A-45A1-85CA-A8131810C974}.Release|Mixed Platforms.Build.0 = Release|Any CPU
		{AE9AA137-7F3A-45A1-85CA-A8131810C974}.Release|x86.ActiveCfg = Release|Any CPU
		{F5A1F80F-47FB-46C0-A84B-88A288D89E48}.Debug|Any CPU.ActiveCfg = Debug|Any CPU
		{F5A1F80F-47FB-46C0-A84B-88A288D89E48}.Debug|Any CPU.Build.0 = Debug|Any CPU
		{F5A1F80F-47FB-46C0-A84B-88A288D89E48}.Debug|Mixed Platforms.ActiveCfg = Debug|Any CPU
		{F5A1F80F-47FB-46C0-A84B-88A288D89E48}.Debug|Mixed Platforms.Build.0 = Debug|Any CPU
		{F5A1F80F-47FB-46C0-A84B-88A288D89E48}.Debug|x86.ActiveCfg = Debug|x86
		{F5A1F80F-47FB-46C0-A84B-88A288D89E48}.Debug|x86.Build.0 = Debug|x86
		{F5A1F80F-47FB-46C0-A84B-88A288D89E48}.Release|Any CPU.ActiveCfg = Release|Any CPU
		{F5A1F80F-47FB-46C0-A84B-88A288D89E48}.Release|Any CPU.Build.0 = Release|Any CPU
		{F5A1F80F-47FB-46C0-A84B-88A288D89E48}.Release|Mixed Platforms.ActiveCfg = Release|Any CPU
		{F5A1F80F-47FB-46C0-A84B-88A288D89E48}.Release|Mixed Platforms.Build.0 = Release|Any CPU
		{F5A1F80F-47FB-46C0-A84B-88A288D89E48}.Release|x86.ActiveCfg = Release|Any CPU
		{86B52A19-AAFF-489C-9CF6-125C7AC4B4B6}.Debug|Any CPU.ActiveCfg = Debug|Any CPU
		{86B52A19-AAFF-489C-9CF6-125C7AC4B4B6}.Debug|Any CPU.Build.0 = Debug|Any CPU
		{86B52A19-AAFF-489C-9CF6-125C7AC4B4B6}.Debug|Mixed Platforms.ActiveCfg = Debug|Any CPU
		{86B52A19-AAFF-489C-9CF6-125C7AC4B4B6}.Debug|Mixed Platforms.Build.0 = Debug|Any CPU
		{86B52A19-AAFF-489C-9CF6-125C7AC4B4B6}.Debug|x86.ActiveCfg = Debug|x86
		{86B52A19-AAFF-489C-9CF6-125C7AC4B4B6}.Debug|x86.Build.0 = Debug|x86
		{86B52A19-AAFF-489C-9CF6-125C7AC4B4B6}.Release|Any CPU.ActiveCfg = Release|Any CPU
		{86B52A19-AAFF-489C-9CF6-125C7AC4B4B6}.Release|Any CPU.Build.0 = Release|Any CPU
		{86B52A19-AAFF-489C-9CF6-125C7AC4B4B6}.Release|Mixed Platforms.ActiveCfg = Release|Any CPU
		{86B52A19-AAFF-489C-9CF6-125C7AC4B4B6}.Release|Mixed Platforms.Build.0 = Release|Any CPU
		{86B52A19-AAFF-489C-9CF6-125C7AC4B4B6}.Release|x86.ActiveCfg = Release|Any CPU
	EndGlobalSection
	GlobalSection(SolutionProperties) = preSolution
		HideSolutionNode = FALSE
	EndGlobalSection
	GlobalSection(NestedProjects) = preSolution
		{AF5F2770-6BBC-4573-B9A1-8080EBC18205} = {58A72D77-BCA0-4F8B-BA85-DAEFB66A04AA}
		{45388A88-56DA-438D-B19C-98407532D8D6} = {58A72D77-BCA0-4F8B-BA85-DAEFB66A04AA}
		{F5A1F80F-47FB-46C0-A84B-88A288D89E48} = {DE45607C-CE13-4E11-AD89-D533524A86C9}
		{AE9AA137-7F3A-45A1-85CA-A8131810C974} = {DE45607C-CE13-4E11-AD89-D533524A86C9}
		{86B52A19-AAFF-489C-9CF6-125C7AC4B4B6} = {DE45607C-CE13-4E11-AD89-D533524A86C9}
	EndGlobalSection
	GlobalSection(NDepend) = preSolution
		Project = ".\Poncho.ndproj"
	EndGlobalSection
EndGlobal
